
Microsoft Visual Studio Solution File, Format Version 12.00
# Visual Studio Version 17
VisualStudioVersion = 17.10.35004.147
MinimumVisualStudioVersion = 10.0.40219.1
Project("{FAE04EC0-301F-11D3-BF4B-00C04F79EFBC}") = "BlazorInvoiceApp", "BlazorInvoiceApp\BlazorInvoiceApp.csproj", "{38262883-13A3-4B84-8EF9-0FA35A578091}"
EndProject
Project("{FAE04EC0-301F-11D3-BF4B-00C04F79EFBC}") = "BlazorInvoiceApp.Client", "BlazorInvoiceApp.Client\BlazorInvoiceApp.Client.csproj", "{06519182-65BD-43E3-8B8B-85F86A2A898E}"
EndProject
Global
	GlobalSection(SolutionConfigurationPlatforms) = preSolution
		Debug|Any CPU = Debug|Any CPU
		Release|Any CPU = Release|Any CPU
	EndGlobalSection
	GlobalSection(ProjectConfigurationPlatforms) = postSolution
		{38262883-13A3-4B84-8EF9-0FA35A578091}.Debug|Any CPU.ActiveCfg = Debug|Any CPU
		{38262883-13A3-4B84-8EF9-0FA35A578091}.Debug|Any CPU.Build.0 = Debug|Any CPU
		{38262883-13A3-4B84-8EF9-0FA35A578091}.Release|Any CPU.ActiveCfg = Release|Any CPU
		{38262883-13A3-4B84-8EF9-0FA35A578091}.Release|Any CPU.Build.0 = Release|Any CPU
		{06519182-65BD-43E3-8B8B-85F86A2A898E}.Debug|Any CPU.ActiveCfg = Debug|Any CPU
		{06519182-65BD-43E3-8B8B-85F86A2A898E}.Debug|Any CPU.Build.0 = Debug|Any CPU
		{06519182-65BD-43E3-8B8B-85F86A2A898E}.Release|Any CPU.ActiveCfg = Release|Any CPU
		{06519182-65BD-43E3-8B8B-85F86A2A898E}.Release|Any CPU.Build.0 = Release|Any CPU
	EndGlobalSection
	GlobalSection(SolutionProperties) = preSolution
		HideSolutionNode = FALSE
	EndGlobalSection
	GlobalSection(ExtensibilityGlobals) = postSolution
		SolutionGuid = {D37AF22F-257C-4CBB-9915-5EE87B17FD94}
	EndGlobalSection
EndGlobal
